
Microsoft Visual Studio Solution File, Format Version 12.00
# Visual Studio Version 17
VisualStudioVersion = 17.3.32922.545
MinimumVisualStudioVersion = 10.0.40219.1
Project("{FAE04EC0-301F-11D3-BF4B-00C04F79EFBC}") = "DummyGame", "DummyGame\DummyGame.csproj", "{C0EDAF39-DC80-4C74-8012-FE84F1A1AE7F}"
EndProject
Global
	GlobalSection(SolutionConfigurationPlatforms) = preSolution
		Debug|Any CPU = Debug|Any CPU
		Release|Any CPU = Release|Any CPU
	EndGlobalSection
	GlobalSection(ProjectConfigurationPlatforms) = postSolution
		{C0EDAF39-DC80-4C74-8012-FE84F1A1AE7F}.Debug|Any CPU.ActiveCfg = Debug|Any CPU
		{C0EDAF39-DC80-4C74-8012-FE84F1A1AE7F}.Debug|Any CPU.Build.0 = Debug|Any CPU
		{C0EDAF39-DC80-4C74-8012-FE84F1A1AE7F}.Release|Any CPU.ActiveCfg = Release|Any CPU
		{C0EDAF39-DC80-4C74-8012-FE84F1A1AE7F}.Release|Any CPU.Build.0 = Release|Any CPU
	EndGlobalSection
	GlobalSection(SolutionProperties) = preSolution
		HideSolutionNode = FALSE
	EndGlobalSection
	GlobalSection(ExtensibilityGlobals) = postSolution
		SolutionGuid = {2BA5F931-EC1E-4CAC-A4EA-0BD52192FE79}
	EndGlobalSection
EndGlobal
